
Microsoft Visual Studio Solution File, Format Version 12.00
# Visual Studio 15
VisualStudioVersion = 15.0.28307.645
MinimumVisualStudioVersion = 10.0.40219.1
Project("{8BC9CEB8-8B4A-11D0-8D11-00A0C91BC942}") = "Testx1234", "Testx1234\Testx1234.vcxproj", "{D0806E03-0F36-44A0-9116-050BB1B7360A}"
EndProject
Global
	GlobalSection(SolutionConfigurationPlatforms) = preSolution
		Debug|x64 = Debug|x64
		Debug|x86 = Debug|x86
		Release|x64 = Release|x64
		Release|x86 = Release|x86
	EndGlobalSection
	GlobalSection(ProjectConfigurationPlatforms) = postSolution
		{D0806E03-0F36-44A0-9116-050BB1B7360A}.Debug|x64.ActiveCfg = Debug|x64
		{D0806E03-0F36-44A0-9116-050BB1B7360A}.Debug|x64.Build.0 = Debug|x64
		{D0806E03-0F36-44A0-9116-050BB1B7360A}.Debug|x86.ActiveCfg = Debug|Win32
		{D0806E03-0F36-44A0-9116-050BB1B7360A}.Debug|x86.Build.0 = Debug|Win32
		{D0806E03-0F36-44A0-9116-050BB1B7360A}.Release|x64.ActiveCfg = Release|x64
		{D0806E03-0F36-44A0-9116-050BB1B7360A}.Release|x64.Build.0 = Release|x64
		{D0806E03-0F36-44A0-9116-050BB1B7360A}.Release|x86.ActiveCfg = Release|Win32
		{D0806E03-0F36-44A0-9116-050BB1B7360A}.Release|x86.Build.0 = Release|Win32
	EndGlobalSection
	GlobalSection(SolutionProperties) = preSolution
		HideSolutionNode = FALSE
	EndGlobalSection
	GlobalSection(ExtensibilityGlobals) = postSolution
		SolutionGuid = {CFC80E73-799D-4050-A135-475BE860A2FC}
	EndGlobalSection
EndGlobal
